
Microsoft Visual Studio Solution File, Format Version 12.00
# Visual Studio Version 16
VisualStudioVersion = 16.0.33423.256
MinimumVisualStudioVersion = 10.0.40219.1
Project("{8BC9CEB8-8B4A-11D0-8D11-00A0C91BC942}") = "qlay2", "qlay2.vcxproj", "{6C58EEC9-82FF-4C5F-8D89-D4DEED856EEC}"
EndProject
Global
	GlobalSection(SolutionConfigurationPlatforms) = preSolution
		Debug|x86 = Debug|x86
		Release|x86 = Release|x86
	EndGlobalSection
	GlobalSection(ProjectConfigurationPlatforms) = postSolution
		{6C58EEC9-82FF-4C5F-8D89-D4DEED856EEC}.Debug|x86.ActiveCfg = Debug|Win32
		{6C58EEC9-82FF-4C5F-8D89-D4DEED856EEC}.Debug|x86.Build.0 = Debug|Win32
		{6C58EEC9-82FF-4C5F-8D89-D4DEED856EEC}.Release|x86.ActiveCfg = Release|Win32
		{6C58EEC9-82FF-4C5F-8D89-D4DEED856EEC}.Release|x86.Build.0 = Release|Win32
	EndGlobalSection
	GlobalSection(SolutionProperties) = preSolution
		HideSolutionNode = FALSE
	EndGlobalSection
	GlobalSection(ExtensibilityGlobals) = postSolution
		SolutionGuid = {90A5D606-04A0-41B5-9C01-0F70BE90D69B}
	EndGlobalSection
EndGlobal
